{
  "name": "roger",
  "version": "0.0.1",
  "dependencies": {
    "aws-sdk": {
      "version": "2.1.38",
      "from": "aws-sdk@>=2.1.8 <3.0.0",
      "resolved": "https://registry.npmjs.org/aws-sdk/-/aws-sdk-2.1.38.tgz",
      "dependencies": {
        "sax": {
          "version": "0.5.3",
          "from": "sax@0.5.3",
          "resolved": "https://registry.npmjs.org/sax/-/sax-0.5.3.tgz"
        },
        "xml2js": {
          "version": "0.2.8",
          "from": "xml2js@0.2.8",
          "resolved": "https://registry.npmjs.org/xml2js/-/xml2js-0.2.8.tgz"
        },
        "xmlbuilder": {
          "version": "0.4.2",
          "from": "xmlbuilder@0.4.2",
          "resolved": "https://registry.npmjs.org/xmlbuilder/-/xmlbuilder-0.4.2.tgz"
        }
      }
    },
    "body-parser": {
      "version": "1.13.2",
      "from": "body-parser@>=1.10.2 <2.0.0",
      "resolved": "https://registry.npmjs.org/body-parser/-/body-parser-1.13.2.tgz",
      "dependencies": {
        "bytes": {
          "version": "2.1.0",
          "from": "bytes@2.1.0",
          "resolved": "https://registry.npmjs.org/bytes/-/bytes-2.1.0.tgz"
        },
        "content-type": {
          "version": "1.0.1",
          "from": "content-type@>=1.0.1 <1.1.0",
          "resolved": "https://registry.npmjs.org/content-type/-/content-type-1.0.1.tgz"
        },
        "debug": {
          "version": "2.2.0",
          "from": "debug@>=2.2.0 <2.3.0",
          "resolved": "https://registry.npmjs.org/debug/-/debug-2.2.0.tgz",
          "dependencies": {
            "ms": {
              "version": "0.7.1",
              "from": "ms@0.7.1",
              "resolved": "https://registry.npmjs.org/ms/-/ms-0.7.1.tgz"
            }
          }
        },
        "depd": {
          "version": "1.0.1",
          "from": "depd@>=1.0.1 <1.1.0",
          "resolved": "https://registry.npmjs.org/depd/-/depd-1.0.1.tgz"
        },
        "http-errors": {
          "version": "1.3.1",
          "from": "http-errors@>=1.3.1 <1.4.0",
          "resolved": "https://registry.npmjs.org/http-errors/-/http-errors-1.3.1.tgz",
          "dependencies": {
            "inherits": {
              "version": "2.0.1",
              "from": "inherits@>=2.0.1 <2.1.0",
              "resolved": "https://registry.npmjs.org/inherits/-/inherits-2.0.1.tgz"
            },
            "statuses": {
              "version": "1.2.1",
              "from": "statuses@>=1.2.1 <1.3.0",
              "resolved": "https://registry.npmjs.org/statuses/-/statuses-1.2.1.tgz"
            }
          }
        },
        "iconv-lite": {
          "version": "0.4.11",
          "from": "iconv-lite@0.4.11",
          "resolved": "https://registry.npmjs.org/iconv-lite/-/iconv-lite-0.4.11.tgz"
        },
        "on-finished": {
          "version": "2.3.0",
          "from": "on-finished@>=2.3.0 <2.4.0",
          "resolved": "https://registry.npmjs.org/on-finished/-/on-finished-2.3.0.tgz",
          "dependencies": {
            "ee-first": {
              "version": "1.1.1",
              "from": "ee-first@1.1.1",
              "resolved": "https://registry.npmjs.org/ee-first/-/ee-first-1.1.1.tgz"
            }
          }
        },
        "qs": {
          "version": "4.0.0",
          "from": "qs@4.0.0",
          "resolved": "https://registry.npmjs.org/qs/-/qs-4.0.0.tgz"
        },
        "raw-body": {
          "version": "2.1.2",
          "from": "raw-body@>=2.1.2 <2.2.0",
          "resolved": "https://registry.npmjs.org/raw-body/-/raw-body-2.1.2.tgz",
          "dependencies": {
            "unpipe": {
              "version": "1.0.0",
              "from": "unpipe@>=1.0.0 <1.1.0",
              "resolved": "https://registry.npmjs.org/unpipe/-/unpipe-1.0.0.tgz"
            }
          }
        },
        "type-is": {
          "version": "1.6.4",
          "from": "type-is@>=1.6.4 <1.7.0",
          "resolved": "https://registry.npmjs.org/type-is/-/type-is-1.6.4.tgz",
          "dependencies": {
            "media-typer": {
              "version": "0.3.0",
              "from": "media-typer@0.3.0",
              "resolved": "https://registry.npmjs.org/media-typer/-/media-typer-0.3.0.tgz"
            },
            "mime-types": {
              "version": "2.1.3",
              "from": "mime-types@>=2.1.2 <2.2.0",
              "resolved": "https://registry.npmjs.org/mime-types/-/mime-types-2.1.3.tgz",
              "dependencies": {
                "mime-db": {
                  "version": "1.15.0",
                  "from": "mime-db@>=1.15.0 <1.16.0",
                  "resolved": "https://registry.npmjs.org/mime-db/-/mime-db-1.15.0.tgz"
                }
              }
            }
          }
        }
      }
    },
    "dockerode": {
      "version": "2.2.2",
      "from": "dockerode@>=2.0.6 <3.0.0",
      "resolved": "https://registry.npmjs.org/dockerode/-/dockerode-2.2.2.tgz",
      "dependencies": {
        "docker-modem": {
          "version": "0.2.6",
          "from": "docker-modem@>=0.2.0 <0.3.0",
          "resolved": "https://registry.npmjs.org/docker-modem/-/docker-modem-0.2.6.tgz",
          "dependencies": {
            "debug": {
              "version": "0.7.4",
              "from": "debug@>=0.7.4 <0.8.0",
              "resolved": "https://registry.npmjs.org/debug/-/debug-0.7.4.tgz"
            },
            "follow-redirects": {
              "version": "0.0.3",
              "from": "follow-redirects@0.0.3",
              "resolved": "https://registry.npmjs.org/follow-redirects/-/follow-redirects-0.0.3.tgz",
              "dependencies": {
                "underscore": {
                  "version": "1.8.3",
                  "from": "underscore@*",
                  "resolved": "https://registry.npmjs.org/underscore/-/underscore-1.8.3.tgz"
                }
              }
            },
            "JSONStream": {
              "version": "0.10.0",
              "from": "JSONStream@0.10.0",
              "resolved": "https://registry.npmjs.org/JSONStream/-/JSONStream-0.10.0.tgz",
              "dependencies": {
                "jsonparse": {
                  "version": "0.0.5",
                  "from": "jsonparse@0.0.5",
                  "resolved": "https://registry.npmjs.org/jsonparse/-/jsonparse-0.0.5.tgz"
                },
                "through": {
                  "version": "2.3.8",
                  "from": "through@>=2.2.7 <3.0.0",
                  "resolved": "https://registry.npmjs.org/through/-/through-2.3.8.tgz"
                }
              }
            },
            "querystring": {
              "version": "0.2.0",
              "from": "querystring@0.2.0",
              "resolved": "https://registry.npmjs.org/querystring/-/querystring-0.2.0.tgz"
            },
            "readable-stream": {
              "version": "1.0.33",
              "from": "readable-stream@>=1.0.26-4 <1.1.0",
              "resolved": "https://registry.npmjs.org/readable-stream/-/readable-stream-1.0.33.tgz",
              "dependencies": {
                "core-util-is": {
                  "version": "1.0.1",
                  "from": "core-util-is@>=1.0.0 <1.1.0",
                  "resolved": "https://registry.npmjs.org/core-util-is/-/core-util-is-1.0.1.tgz"
                },
                "isarray": {
                  "version": "0.0.1",
                  "from": "isarray@0.0.1",
                  "resolved": "https://registry.npmjs.org/isarray/-/isarray-0.0.1.tgz"
                },
                "string_decoder": {
                  "version": "0.10.31",
                  "from": "string_decoder@>=0.10.0 <0.11.0",
                  "resolved": "https://registry.npmjs.org/string_decoder/-/string_decoder-0.10.31.tgz"
                },
                "inherits": {
                  "version": "2.0.1",
                  "from": "inherits@>=2.0.1 <2.1.0",
                  "resolved": "https://registry.npmjs.org/inherits/-/inherits-2.0.1.tgz"
                }
              }
            }
          }
        }
      }
    },
    "express": {
      "version": "4.13.1",
      "from": "express@>=4.11.1 <5.0.0",
      "resolved": "https://registry.npmjs.org/express/-/express-4.13.1.tgz",
      "dependencies": {
        "accepts": {
          "version": "1.2.10",
          "from": "accepts@>=1.2.10 <1.3.0",
          "resolved": "https://registry.npmjs.org/accepts/-/accepts-1.2.10.tgz",
          "dependencies": {
            "mime-types": {
              "version": "2.1.3",
              "from": "mime-types@>=2.1.2 <2.2.0",
              "resolved": "https://registry.npmjs.org/mime-types/-/mime-types-2.1.3.tgz",
              "dependencies": {
                "mime-db": {
                  "version": "1.15.0",
                  "from": "mime-db@>=1.15.0 <1.16.0",
                  "resolved": "https://registry.npmjs.org/mime-db/-/mime-db-1.15.0.tgz"
                }
              }
            },
            "negotiator": {
              "version": "0.5.3",
              "from": "negotiator@0.5.3",
              "resolved": "https://registry.npmjs.org/negotiator/-/negotiator-0.5.3.tgz"
            }
          }
        },
        "array-flatten": {
          "version": "1.1.0",
          "from": "array-flatten@1.1.0",
          "resolved": "https://registry.npmjs.org/array-flatten/-/array-flatten-1.1.0.tgz"
        },
        "content-disposition": {
          "version": "0.5.0",
          "from": "content-disposition@0.5.0",
          "resolved": "https://registry.npmjs.org/content-disposition/-/content-disposition-0.5.0.tgz"
        },
        "content-type": {
          "version": "1.0.1",
          "from": "content-type@>=1.0.1 <1.1.0",
          "resolved": "https://registry.npmjs.org/content-type/-/content-type-1.0.1.tgz"
        },
        "cookie": {
          "version": "0.1.3",
          "from": "cookie@0.1.3",
          "resolved": "https://registry.npmjs.org/cookie/-/cookie-0.1.3.tgz"
        },
        "cookie-signature": {
          "version": "1.0.6",
          "from": "cookie-signature@1.0.6",
          "resolved": "https://registry.npmjs.org/cookie-signature/-/cookie-signature-1.0.6.tgz"
        },
        "debug": {
          "version": "2.2.0",
          "from": "debug@>=2.2.0 <2.3.0",
          "resolved": "https://registry.npmjs.org/debug/-/debug-2.2.0.tgz",
          "dependencies": {
            "ms": {
              "version": "0.7.1",
              "from": "ms@0.7.1",
              "resolved": "https://registry.npmjs.org/ms/-/ms-0.7.1.tgz"
            }
          }
        },
        "depd": {
          "version": "1.0.1",
          "from": "depd@>=1.0.1 <1.1.0",
          "resolved": "https://registry.npmjs.org/depd/-/depd-1.0.1.tgz"
        },
        "escape-html": {
          "version": "1.0.2",
          "from": "escape-html@1.0.2",
          "resolved": "https://registry.npmjs.org/escape-html/-/escape-html-1.0.2.tgz"
        },
        "etag": {
          "version": "1.7.0",
          "from": "etag@>=1.7.0 <1.8.0",
          "resolved": "https://registry.npmjs.org/etag/-/etag-1.7.0.tgz"
        },
        "finalhandler": {
          "version": "0.4.0",
          "from": "finalhandler@0.4.0",
          "resolved": "https://registry.npmjs.org/finalhandler/-/finalhandler-0.4.0.tgz",
          "dependencies": {
            "unpipe": {
              "version": "1.0.0",
              "from": "unpipe@>=1.0.0 <1.1.0",
              "resolved": "https://registry.npmjs.org/unpipe/-/unpipe-1.0.0.tgz"
            }
          }
        },
        "fresh": {
          "version": "0.3.0",
          "from": "fresh@0.3.0",
          "resolved": "https://registry.npmjs.org/fresh/-/fresh-0.3.0.tgz"
        },
        "merge-descriptors": {
          "version": "1.0.0",
          "from": "merge-descriptors@1.0.0",
          "resolved": "https://registry.npmjs.org/merge-descriptors/-/merge-descriptors-1.0.0.tgz"
        },
        "methods": {
          "version": "1.1.1",
          "from": "methods@>=1.1.1 <1.2.0",
          "resolved": "https://registry.npmjs.org/methods/-/methods-1.1.1.tgz"
        },
        "on-finished": {
          "version": "2.3.0",
          "from": "on-finished@>=2.3.0 <2.4.0",
          "resolved": "https://registry.npmjs.org/on-finished/-/on-finished-2.3.0.tgz",
          "dependencies": {
            "ee-first": {
              "version": "1.1.1",
              "from": "ee-first@1.1.1",
              "resolved": "https://registry.npmjs.org/ee-first/-/ee-first-1.1.1.tgz"
            }
          }
        },
        "parseurl": {
          "version": "1.3.0",
          "from": "parseurl@>=1.3.0 <1.4.0",
          "resolved": "https://registry.npmjs.org/parseurl/-/parseurl-1.3.0.tgz"
        },
        "path-to-regexp": {
          "version": "0.1.6",
          "from": "path-to-regexp@0.1.6",
          "resolved": "https://registry.npmjs.org/path-to-regexp/-/path-to-regexp-0.1.6.tgz"
        },
        "proxy-addr": {
          "version": "1.0.8",
          "from": "proxy-addr@>=1.0.8 <1.1.0",
          "resolved": "https://registry.npmjs.org/proxy-addr/-/proxy-addr-1.0.8.tgz",
          "dependencies": {
            "forwarded": {
              "version": "0.1.0",
              "from": "forwarded@>=0.1.0 <0.2.0",
              "resolved": "https://registry.npmjs.org/forwarded/-/forwarded-0.1.0.tgz"
            },
            "ipaddr.js": {
              "version": "1.0.1",
              "from": "ipaddr.js@1.0.1",
              "resolved": "https://registry.npmjs.org/ipaddr.js/-/ipaddr.js-1.0.1.tgz"
            }
          }
        },
        "qs": {
          "version": "4.0.0",
          "from": "qs@4.0.0",
          "resolved": "https://registry.npmjs.org/qs/-/qs-4.0.0.tgz"
        },
        "range-parser": {
          "version": "1.0.2",
          "from": "range-parser@>=1.0.2 <1.1.0",
          "resolved": "https://registry.npmjs.org/range-parser/-/range-parser-1.0.2.tgz"
        },
        "send": {
          "version": "0.13.0",
          "from": "send@0.13.0",
          "resolved": "https://registry.npmjs.org/send/-/send-0.13.0.tgz",
          "dependencies": {
            "destroy": {
              "version": "1.0.3",
              "from": "destroy@1.0.3",
              "resolved": "https://registry.npmjs.org/destroy/-/destroy-1.0.3.tgz"
            },
            "http-errors": {
              "version": "1.3.1",
              "from": "http-errors@>=1.3.1 <1.4.0",
              "resolved": "https://registry.npmjs.org/http-errors/-/http-errors-1.3.1.tgz",
              "dependencies": {
                "inherits": {
                  "version": "2.0.1",
                  "from": "inherits@>=2.0.1 <2.1.0",
                  "resolved": "https://registry.npmjs.org/inherits/-/inherits-2.0.1.tgz"
                }
              }
            },
            "mime": {
              "version": "1.3.4",
              "from": "mime@>=1.2.11 <2.0.0",
              "resolved": "https://registry.npmjs.org/mime/-/mime-1.3.4.tgz"
            },
            "ms": {
              "version": "0.7.1",
              "from": "ms@0.7.1",
              "resolved": "https://registry.npmjs.org/ms/-/ms-0.7.1.tgz"
            },
            "statuses": {
              "version": "1.2.1",
              "from": "statuses@>=1.2.1 <1.3.0",
              "resolved": "https://registry.npmjs.org/statuses/-/statuses-1.2.1.tgz"
            }
          }
        },
        "serve-static": {
          "version": "1.10.0",
          "from": "serve-static@>=1.10.0 <1.11.0",
          "resolved": "https://registry.npmjs.org/serve-static/-/serve-static-1.10.0.tgz"
        },
        "type-is": {
          "version": "1.6.4",
          "from": "type-is@>=1.6.4 <1.7.0",
          "resolved": "https://registry.npmjs.org/type-is/-/type-is-1.6.4.tgz",
          "dependencies": {
            "media-typer": {
              "version": "0.3.0",
              "from": "media-typer@0.3.0",
              "resolved": "https://registry.npmjs.org/media-typer/-/media-typer-0.3.0.tgz"
            },
            "mime-types": {
              "version": "2.1.3",
              "from": "mime-types@>=2.1.2 <2.2.0",
              "resolved": "https://registry.npmjs.org/mime-types/-/mime-types-2.1.3.tgz",
              "dependencies": {
                "mime-db": {
                  "version": "1.15.0",
                  "from": "mime-db@>=1.15.0 <1.16.0",
                  "resolved": "https://registry.npmjs.org/mime-db/-/mime-db-1.15.0.tgz"
                }
              }
            }
          }
        },
        "vary": {
          "version": "1.0.1",
          "from": "vary@>=1.0.0 <1.1.0",
          "resolved": "https://registry.npmjs.org/vary/-/vary-1.0.1.tgz"
        },
        "utils-merge": {
          "version": "1.0.0",
          "from": "utils-merge@1.0.0",
          "resolved": "https://registry.npmjs.org/utils-merge/-/utils-merge-1.0.0.tgz"
        }
      }
    },
    "github": {
      "version": "0.2.4",
      "from": "github@>=0.2.3 <0.3.0",
      "resolved": "https://registry.npmjs.org/github/-/github-0.2.4.tgz",
      "dependencies": {
        "mime": {
          "version": "1.3.4",
          "from": "mime@>=1.2.11 <2.0.0",
          "resolved": "https://registry.npmjs.org/mime/-/mime-1.3.4.tgz"
        }
      }
    },
    "growing-file": {
      "version": "0.1.3",
      "from": "growing-file@>=0.1.3 <0.2.0",
      "resolved": "https://registry.npmjs.org/growing-file/-/growing-file-0.1.3.tgz",
      "dependencies": {
        "oop": {
          "version": "0.0.3",
          "from": "oop@0.0.3",
          "resolved": "https://registry.npmjs.org/oop/-/oop-0.0.3.tgz"
        }
      }
    },
    "js-yaml": {
      "version": "3.3.1",
      "from": "js-yaml@>=3.2.5 <4.0.0",
      "resolved": "https://registry.npmjs.org/js-yaml/-/js-yaml-3.3.1.tgz",
      "dependencies": {
        "argparse": {
          "version": "1.0.2",
          "from": "argparse@>=1.0.2 <1.1.0",
          "resolved": "https://registry.npmjs.org/argparse/-/argparse-1.0.2.tgz",
          "dependencies": {
            "lodash": {
              "version": "3.10.0",
              "from": "lodash@>=3.2.0 <4.0.0",
              "resolved": "https://registry.npmjs.org/lodash/-/lodash-3.10.0.tgz"
            },
            "sprintf-js": {
              "version": "1.0.3",
              "from": "sprintf-js@>=1.0.2 <1.1.0",
              "resolved": "https://registry.npmjs.org/sprintf-js/-/sprintf-js-1.0.3.tgz"
            }
          }
        },
        "esprima": {
          "version": "2.2.0",
          "from": "esprima@>=2.2.0 <2.3.0",
          "resolved": "https://registry.npmjs.org/esprima/-/esprima-2.2.0.tgz"
        }
      }
    },
    "lodash": {
      "version": "2.4.2",
      "from": "lodash@>=2.4.1 <3.0.0",
      "resolved": "https://registry.npmjs.org/lodash/-/lodash-2.4.2.tgz"
    },
    "moment": {
      "version": "2.10.3",
      "from": "moment@>=2.9.0 <3.0.0",
      "resolved": "https://registry.npmjs.org/moment/-/moment-2.10.3.tgz"
    },
    "node-dir": {
      "version": "0.1.8",
      "from": "node-dir@>=0.1.6 <0.2.0",
      "resolved": "https://registry.npmjs.org/node-dir/-/node-dir-0.1.8.tgz"
    },
    "node-uuid": {
      "version": "1.4.3",
      "from": "node-uuid@>=1.4.2 <2.0.0",
      "resolved": "https://registry.npmjs.org/node-uuid/-/node-uuid-1.4.3.tgz"
    },
    "q": {
      "version": "1.4.1",
      "from": "q@>=1.1.2 <2.0.0",
      "resolved": "https://registry.npmjs.org/q/-/q-1.4.1.tgz"
    },
    "reconfig": {
      "version": "1.6.3",
      "from": "reconfig@>=1.5.1 <2.0.0",
      "resolved": "https://registry.npmjs.org/reconfig/-/reconfig-1.6.3.tgz",
      "dependencies": {
        "vpo": {
          "version": "1.1.1",
          "from": "vpo@1.1.1",
          "resolved": "https://registry.npmjs.org/vpo/-/vpo-1.1.1.tgz"
        }
      }
    },
    "s3": {
      "version": "4.4.0",
      "from": "s3@>=4.4.0 <5.0.0",
      "resolved": "https://registry.npmjs.org/s3/-/s3-4.4.0.tgz",
      "dependencies": {
        "aws-sdk": {
          "version": "2.0.31",
          "from": "aws-sdk@>=2.0.31 <2.1.0",
          "resolved": "https://registry.npmjs.org/aws-sdk/-/aws-sdk-2.0.31.tgz",
          "dependencies": {
            "xml2js": {
              "version": "0.2.6",
              "from": "xml2js@0.2.6",
              "resolved": "https://registry.npmjs.org/xml2js/-/xml2js-0.2.6.tgz",
              "dependencies": {
                "sax": {
                  "version": "0.4.2",
                  "from": "sax@0.4.2",
                  "resolved": "https://registry.npmjs.org/sax/-/sax-0.4.2.tgz"
                }
              }
            },
            "xmlbuilder": {
              "version": "0.4.2",
              "from": "xmlbuilder@0.4.2",
              "resolved": "https://registry.npmjs.org/xmlbuilder/-/xmlbuilder-0.4.2.tgz"
            }
          }
        },
        "fd-slicer": {
          "version": "1.0.1",
          "from": "fd-slicer@>=1.0.0 <1.1.0",
          "resolved": "https://registry.npmjs.org/fd-slicer/-/fd-slicer-1.0.1.tgz"
        },
        "findit2": {
          "version": "2.2.3",
          "from": "findit2@>=2.2.3 <2.3.0",
          "resolved": "https://registry.npmjs.org/findit2/-/findit2-2.2.3.tgz"
        },
        "graceful-fs": {
          "version": "3.0.8",
          "from": "graceful-fs@>=3.0.5 <3.1.0",
          "resolved": "https://registry.npmjs.org/graceful-fs/-/graceful-fs-3.0.8.tgz"
        },
        "mime": {
          "version": "1.2.11",
          "from": "mime@>=1.2.11 <1.3.0",
          "resolved": "https://registry.npmjs.org/mime/-/mime-1.2.11.tgz"
        },
        "mkdirp": {
          "version": "0.5.1",
          "from": "mkdirp@>=0.5.0 <0.6.0",
          "resolved": "https://registry.npmjs.org/mkdirp/-/mkdirp-0.5.1.tgz",
          "dependencies": {
            "minimist": {
              "version": "0.0.8",
              "from": "minimist@0.0.8",
              "resolved": "https://registry.npmjs.org/minimist/-/minimist-0.0.8.tgz"
            }
          }
        },
        "pend": {
          "version": "1.2.0",
          "from": "pend@>=1.2.0 <1.3.0",
          "resolved": "https://registry.npmjs.org/pend/-/pend-1.2.0.tgz"
        },
        "rimraf": {
          "version": "2.2.8",
          "from": "rimraf@>=2.2.8 <2.3.0",
          "resolved": "https://registry.npmjs.org/rimraf/-/rimraf-2.2.8.tgz"
        },
        "streamsink": {
          "version": "1.2.0",
          "from": "streamsink@>=1.2.0 <1.3.0",
          "resolved": "https://registry.npmjs.org/streamsink/-/streamsink-1.2.0.tgz"
        }
      }
    },
    "socket.io": {
      "version": "1.3.5",
      "from": "socket.io@>=1.3.5 <2.0.0",
      "resolved": "https://registry.npmjs.org/socket.io/-/socket.io-1.3.5.tgz",
      "dependencies": {
        "engine.io": {
          "version": "1.5.1",
          "from": "engine.io@1.5.1",
          "resolved": "https://registry.npmjs.org/engine.io/-/engine.io-1.5.1.tgz",
          "dependencies": {
            "debug": {
              "version": "1.0.3",
              "from": "debug@1.0.3",
              "resolved": "https://registry.npmjs.org/debug/-/debug-1.0.3.tgz",
              "dependencies": {
                "ms": {
                  "version": "0.6.2",
                  "from": "ms@0.6.2",
                  "resolved": "https://registry.npmjs.org/ms/-/ms-0.6.2.tgz"
                }
              }
            },
            "ws": {
              "version": "0.5.0",
              "from": "ws@0.5.0",
              "resolved": "https://registry.npmjs.org/ws/-/ws-0.5.0.tgz",
              "dependencies": {
                "nan": {
                  "version": "1.4.3",
                  "from": "nan@>=1.4.0 <1.5.0",
                  "resolved": "https://registry.npmjs.org/nan/-/nan-1.4.3.tgz"
                },
                "options": {
                  "version": "0.0.6",
                  "from": "options@>=0.0.5",
                  "resolved": "https://registry.npmjs.org/options/-/options-0.0.6.tgz"
                },
                "ultron": {
                  "version": "1.0.2",
                  "from": "ultron@>=1.0.0 <1.1.0",
                  "resolved": "https://registry.npmjs.org/ultron/-/ultron-1.0.2.tgz"
                }
              }
            },
            "engine.io-parser": {
              "version": "1.2.1",
              "from": "engine.io-parser@1.2.1",
              "resolved": "https://registry.npmjs.org/engine.io-parser/-/engine.io-parser-1.2.1.tgz",
              "dependencies": {
                "after": {
                  "version": "0.8.1",
                  "from": "after@0.8.1",
                  "resolved": "https://registry.npmjs.org/after/-/after-0.8.1.tgz"
                },
                "arraybuffer.slice": {
                  "version": "0.0.6",
                  "from": "arraybuffer.slice@0.0.6",
                  "resolved": "https://registry.npmjs.org/arraybuffer.slice/-/arraybuffer.slice-0.0.6.tgz"
                },
                "base64-arraybuffer": {
                  "version": "0.1.2",
                  "from": "base64-arraybuffer@0.1.2",
                  "resolved": "https://registry.npmjs.org/base64-arraybuffer/-/base64-arraybuffer-0.1.2.tgz"
                },
                "blob": {
                  "version": "0.0.2",
                  "from": "blob@0.0.2",
                  "resolved": "https://registry.npmjs.org/blob/-/blob-0.0.2.tgz"
                },
                "has-binary": {
                  "version": "0.1.5",
                  "from": "has-binary@0.1.5",
                  "resolved": "https://registry.npmjs.org/has-binary/-/has-binary-0.1.5.tgz",
                  "dependencies": {
                    "isarray": {
                      "version": "0.0.1",
                      "from": "isarray@0.0.1",
                      "resolved": "https://registry.npmjs.org/isarray/-/isarray-0.0.1.tgz"
                    }
                  }
                },
                "utf8": {
                  "version": "2.0.0",
                  "from": "utf8@2.0.0",
                  "resolved": "https://registry.npmjs.org/utf8/-/utf8-2.0.0.tgz"
                }
              }
            },
            "base64id": {
              "version": "0.1.0",
              "from": "base64id@0.1.0",
              "resolved": "https://registry.npmjs.org/base64id/-/base64id-0.1.0.tgz"
            }
          }
        },
        "socket.io-parser": {
          "version": "2.2.4",
          "from": "socket.io-parser@2.2.4",
          "resolved": "https://registry.npmjs.org/socket.io-parser/-/socket.io-parser-2.2.4.tgz",
          "dependencies": {
            "debug": {
              "version": "0.7.4",
              "from": "debug@0.7.4",
              "resolved": "https://registry.npmjs.org/debug/-/debug-0.7.4.tgz"
            },
            "json3": {
              "version": "3.2.6",
              "from": "json3@3.2.6",
              "resolved": "https://registry.npmjs.org/json3/-/json3-3.2.6.tgz"
            },
            "component-emitter": {
              "version": "1.1.2",
              "from": "component-emitter@1.1.2",
              "resolved": "https://registry.npmjs.org/component-emitter/-/component-emitter-1.1.2.tgz"
            },
            "isarray": {
              "version": "0.0.1",
              "from": "isarray@0.0.1",
              "resolved": "https://registry.npmjs.org/isarray/-/isarray-0.0.1.tgz"
            },
            "benchmark": {
              "version": "1.0.0",
              "from": "benchmark@1.0.0",
              "resolved": "https://registry.npmjs.org/benchmark/-/benchmark-1.0.0.tgz"
            }
          }
        },
        "socket.io-client": {
          "version": "1.3.5",
          "from": "socket.io-client@1.3.5",
          "resolved": "https://registry.npmjs.org/socket.io-client/-/socket.io-client-1.3.5.tgz",
          "dependencies": {
            "debug": {
              "version": "0.7.4",
              "from": "debug@0.7.4",
              "resolved": "https://registry.npmjs.org/debug/-/debug-0.7.4.tgz"
            },
            "engine.io-client": {
              "version": "1.5.1",
              "from": "engine.io-client@1.5.1",
              "resolved": "https://registry.npmjs.org/engine.io-client/-/engine.io-client-1.5.1.tgz",
              "dependencies": {
                "has-cors": {
                  "version": "1.0.3",
                  "from": "has-cors@1.0.3",
                  "resolved": "https://registry.npmjs.org/has-cors/-/has-cors-1.0.3.tgz",
                  "dependencies": {
                    "global": {
                      "version": "2.0.1",
                      "from": "https://github.com/component/global/archive/v2.0.1.tar.gz",
                      "resolved": "https://github.com/component/global/archive/v2.0.1.tar.gz"
                    }
                  }
                },
                "ws": {
                  "version": "0.4.31",
                  "from": "ws@0.4.31",
                  "resolved": "https://registry.npmjs.org/ws/-/ws-0.4.31.tgz",
                  "dependencies": {
                    "commander": {
                      "version": "0.6.1",
                      "from": "commander@>=0.6.1 <0.7.0",
                      "resolved": "https://registry.npmjs.org/commander/-/commander-0.6.1.tgz"
                    },
                    "nan": {
                      "version": "0.3.2",
                      "from": "nan@>=0.3.0 <0.4.0",
                      "resolved": "https://registry.npmjs.org/nan/-/nan-0.3.2.tgz"
                    },
                    "tinycolor": {
                      "version": "0.0.1",
                      "from": "tinycolor@>=0.0.0 <1.0.0",
                      "resolved": "https://registry.npmjs.org/tinycolor/-/tinycolor-0.0.1.tgz"
                    },
                    "options": {
                      "version": "0.0.6",
                      "from": "options@>=0.0.5",
                      "resolved": "https://registry.npmjs.org/options/-/options-0.0.6.tgz"
                    }
                  }
                },
                "xmlhttprequest": {
                  "version": "1.5.0",
                  "from": "https://github.com/rase-/node-XMLHttpRequest/archive/a6b6f2.tar.gz",
                  "resolved": "https://github.com/rase-/node-XMLHttpRequest/archive/a6b6f2.tar.gz"
                },
                "engine.io-parser": {
                  "version": "1.2.1",
                  "from": "engine.io-parser@1.2.1",
                  "resolved": "https://registry.npmjs.org/engine.io-parser/-/engine.io-parser-1.2.1.tgz",
                  "dependencies": {
                    "after": {
                      "version": "0.8.1",
                      "from": "after@0.8.1",
                      "resolved": "https://registry.npmjs.org/after/-/after-0.8.1.tgz"
                    },
                    "arraybuffer.slice": {
                      "version": "0.0.6",
                      "from": "arraybuffer.slice@0.0.6",
                      "resolved": "https://registry.npmjs.org/arraybuffer.slice/-/arraybuffer.slice-0.0.6.tgz"
                    },
                    "base64-arraybuffer": {
                      "version": "0.1.2",
                      "from": "base64-arraybuffer@0.1.2",
                      "resolved": "https://registry.npmjs.org/base64-arraybuffer/-/base64-arraybuffer-0.1.2.tgz"
                    },
                    "blob": {
                      "version": "0.0.2",
                      "from": "blob@0.0.2",
                      "resolved": "https://registry.npmjs.org/blob/-/blob-0.0.2.tgz"
                    },
                    "has-binary": {
                      "version": "0.1.5",
                      "from": "has-binary@0.1.5",
                      "resolved": "https://registry.npmjs.org/has-binary/-/has-binary-0.1.5.tgz",
                      "dependencies": {
                        "isarray": {
                          "version": "0.0.1",
                          "from": "isarray@0.0.1",
                          "resolved": "https://registry.npmjs.org/isarray/-/isarray-0.0.1.tgz"
                        }
                      }
                    },
                    "utf8": {
                      "version": "2.0.0",
                      "from": "utf8@2.0.0",
                      "resolved": "https://registry.npmjs.org/utf8/-/utf8-2.0.0.tgz"
                    }
                  }
                },
                "debug": {
                  "version": "1.0.4",
                  "from": "debug@1.0.4",
                  "resolved": "https://registry.npmjs.org/debug/-/debug-1.0.4.tgz",
                  "dependencies": {
                    "ms": {
                      "version": "0.6.2",
                      "from": "ms@0.6.2",
                      "resolved": "https://registry.npmjs.org/ms/-/ms-0.6.2.tgz"
                    }
                  }
                },
                "parseuri": {
                  "version": "0.0.4",
                  "from": "parseuri@0.0.4",
                  "resolved": "https://registry.npmjs.org/parseuri/-/parseuri-0.0.4.tgz",
                  "dependencies": {
                    "better-assert": {
                      "version": "1.0.2",
                      "from": "better-assert@>=1.0.0 <1.1.0",
                      "resolved": "https://registry.npmjs.org/better-assert/-/better-assert-1.0.2.tgz",
                      "dependencies": {
                        "callsite": {
                          "version": "1.0.0",
                          "from": "callsite@1.0.0",
                          "resolved": "https://registry.npmjs.org/callsite/-/callsite-1.0.0.tgz"
                        }
                      }
                    }
                  }
                },
                "parsejson": {
                  "version": "0.0.1",
                  "from": "parsejson@0.0.1",
                  "resolved": "https://registry.npmjs.org/parsejson/-/parsejson-0.0.1.tgz",
                  "dependencies": {
                    "better-assert": {
                      "version": "1.0.2",
                      "from": "better-assert@>=1.0.0 <1.1.0",
                      "resolved": "https://registry.npmjs.org/better-assert/-/better-assert-1.0.2.tgz",
                      "dependencies": {
                        "callsite": {
                          "version": "1.0.0",
                          "from": "callsite@1.0.0",
                          "resolved": "https://registry.npmjs.org/callsite/-/callsite-1.0.0.tgz"
                        }
                      }
                    }
                  }
                },
                "parseqs": {
                  "version": "0.0.2",
                  "from": "parseqs@0.0.2",
                  "resolved": "https://registry.npmjs.org/parseqs/-/parseqs-0.0.2.tgz",
                  "dependencies": {
                    "better-assert": {
                      "version": "1.0.2",
                      "from": "better-assert@>=1.0.0 <1.1.0",
                      "resolved": "https://registry.npmjs.org/better-assert/-/better-assert-1.0.2.tgz",
                      "dependencies": {
                        "callsite": {
                          "version": "1.0.0",
                          "from": "callsite@1.0.0",
                          "resolved": "https://registry.npmjs.org/callsite/-/callsite-1.0.0.tgz"
                        }
                      }
                    }
                  }
                },
                "component-inherit": {
                  "version": "0.0.3",
                  "from": "component-inherit@0.0.3",
                  "resolved": "https://registry.npmjs.org/component-inherit/-/component-inherit-0.0.3.tgz"
                }
              }
            },
            "component-bind": {
              "version": "1.0.0",
              "from": "component-bind@1.0.0",
              "resolved": "https://registry.npmjs.org/component-bind/-/component-bind-1.0.0.tgz"
            },
            "component-emitter": {
              "version": "1.1.2",
              "from": "component-emitter@1.1.2",
              "resolved": "https://registry.npmjs.org/component-emitter/-/component-emitter-1.1.2.tgz"
            },
            "object-component": {
              "version": "0.0.3",
              "from": "object-component@0.0.3",
              "resolved": "https://registry.npmjs.org/object-component/-/object-component-0.0.3.tgz"
            },
            "has-binary": {
              "version": "0.1.6",
              "from": "has-binary@0.1.6",
              "resolved": "https://registry.npmjs.org/has-binary/-/has-binary-0.1.6.tgz",
              "dependencies": {
                "isarray": {
                  "version": "0.0.1",
                  "from": "isarray@0.0.1",
                  "resolved": "https://registry.npmjs.org/isarray/-/isarray-0.0.1.tgz"
                }
              }
            },
            "indexof": {
              "version": "0.0.1",
              "from": "indexof@0.0.1",
              "resolved": "https://registry.npmjs.org/indexof/-/indexof-0.0.1.tgz"
            },
            "parseuri": {
              "version": "0.0.2",
              "from": "parseuri@0.0.2",
              "resolved": "https://registry.npmjs.org/parseuri/-/parseuri-0.0.2.tgz",
              "dependencies": {
                "better-assert": {
                  "version": "1.0.2",
                  "from": "better-assert@>=1.0.0 <1.1.0",
                  "resolved": "https://registry.npmjs.org/better-assert/-/better-assert-1.0.2.tgz",
                  "dependencies": {
                    "callsite": {
                      "version": "1.0.0",
                      "from": "callsite@1.0.0",
                      "resolved": "https://registry.npmjs.org/callsite/-/callsite-1.0.0.tgz"
                    }
                  }
                }
              }
            },
            "to-array": {
              "version": "0.1.3",
              "from": "to-array@0.1.3",
              "resolved": "https://registry.npmjs.org/to-array/-/to-array-0.1.3.tgz"
            },
            "backo2": {
              "version": "1.0.2",
              "from": "backo2@1.0.2",
              "resolved": "https://registry.npmjs.org/backo2/-/backo2-1.0.2.tgz"
            }
          }
        },
        "socket.io-adapter": {
          "version": "0.3.1",
          "from": "socket.io-adapter@0.3.1",
          "resolved": "https://registry.npmjs.org/socket.io-adapter/-/socket.io-adapter-0.3.1.tgz",
          "dependencies": {
            "debug": {
              "version": "1.0.2",
              "from": "debug@1.0.2",
              "resolved": "https://registry.npmjs.org/debug/-/debug-1.0.2.tgz",
              "dependencies": {
                "ms": {
                  "version": "0.6.2",
                  "from": "ms@0.6.2",
                  "resolved": "https://registry.npmjs.org/ms/-/ms-0.6.2.tgz"
                }
              }
            },
            "socket.io-parser": {
              "version": "2.2.2",
              "from": "socket.io-parser@2.2.2",
              "resolved": "https://registry.npmjs.org/socket.io-parser/-/socket.io-parser-2.2.2.tgz",
              "dependencies": {
                "debug": {
                  "version": "0.7.4",
                  "from": "debug@0.7.4",
                  "resolved": "https://registry.npmjs.org/debug/-/debug-0.7.4.tgz"
                },
                "json3": {
                  "version": "3.2.6",
                  "from": "json3@3.2.6",
                  "resolved": "https://registry.npmjs.org/json3/-/json3-3.2.6.tgz"
                },
                "component-emitter": {
                  "version": "1.1.2",
                  "from": "component-emitter@1.1.2",
                  "resolved": "https://registry.npmjs.org/component-emitter/-/component-emitter-1.1.2.tgz"
                },
                "isarray": {
                  "version": "0.0.1",
                  "from": "isarray@0.0.1",
                  "resolved": "https://registry.npmjs.org/isarray/-/isarray-0.0.1.tgz"
                },
                "benchmark": {
                  "version": "1.0.0",
                  "from": "benchmark@1.0.0",
                  "resolved": "https://registry.npmjs.org/benchmark/-/benchmark-1.0.0.tgz"
                }
              }
            },
            "object-keys": {
              "version": "1.0.1",
              "from": "object-keys@1.0.1",
              "resolved": "https://registry.npmjs.org/object-keys/-/object-keys-1.0.1.tgz"
            }
          }
        },
        "has-binary-data": {
          "version": "0.1.3",
          "from": "has-binary-data@0.1.3",
          "resolved": "https://registry.npmjs.org/has-binary-data/-/has-binary-data-0.1.3.tgz",
          "dependencies": {
            "isarray": {
              "version": "0.0.1",
              "from": "isarray@0.0.1",
              "resolved": "https://registry.npmjs.org/isarray/-/isarray-0.0.1.tgz"
            }
          }
        },
        "debug": {
          "version": "2.1.0",
          "from": "debug@2.1.0",
          "resolved": "https://registry.npmjs.org/debug/-/debug-2.1.0.tgz",
          "dependencies": {
            "ms": {
              "version": "0.6.2",
              "from": "ms@0.6.2",
              "resolved": "https://registry.npmjs.org/ms/-/ms-0.6.2.tgz"
            }
          }
        }
      }
    },
    "socket.io-stream": {
      "version": "0.8.0",
      "from": "socket.io-stream@>=0.8.0 <0.9.0",
      "resolved": "https://registry.npmjs.org/socket.io-stream/-/socket.io-stream-0.8.0.tgz",
      "dependencies": {
        "component-bind": {
          "version": "1.0.0",
          "from": "component-bind@>=1.0.0 <1.1.0",
          "resolved": "https://registry.npmjs.org/component-bind/-/component-bind-1.0.0.tgz"
        },
        "debug": {
          "version": "2.1.3",
          "from": "debug@>=2.1.3 <2.2.0",
          "resolved": "https://registry.npmjs.org/debug/-/debug-2.1.3.tgz",
          "dependencies": {
            "ms": {
              "version": "0.7.0",
              "from": "ms@0.7.0",
              "resolved": "https://registry.npmjs.org/ms/-/ms-0.7.0.tgz"
            }
          }
        }
      }
    },
    "tar-fs": {
      "version": "1.7.0",
      "from": "tar-fs@>=1.4.2 <2.0.0",
      "resolved": "https://registry.npmjs.org/tar-fs/-/tar-fs-1.7.0.tgz",
      "dependencies": {
        "mkdirp": {
          "version": "0.5.1",
          "from": "mkdirp@>=0.5.0 <0.6.0",
          "resolved": "https://registry.npmjs.org/mkdirp/-/mkdirp-0.5.1.tgz",
          "dependencies": {
            "minimist": {
              "version": "0.0.8",
              "from": "minimist@0.0.8",
              "resolved": "https://registry.npmjs.org/minimist/-/minimist-0.0.8.tgz"
            }
          }
        },
        "pump": {
          "version": "1.0.0",
          "from": "pump@>=1.0.0 <2.0.0",
          "resolved": "https://registry.npmjs.org/pump/-/pump-1.0.0.tgz",
          "dependencies": {
            "end-of-stream": {
              "version": "1.1.0",
              "from": "end-of-stream@>=1.0.0 <2.0.0",
              "resolved": "https://registry.npmjs.org/end-of-stream/-/end-of-stream-1.1.0.tgz"
            },
            "once": {
              "version": "1.3.2",
              "from": "once@>=1.3.1 <2.0.0",
              "resolved": "https://registry.npmjs.org/once/-/once-1.3.2.tgz",
              "dependencies": {
                "wrappy": {
                  "version": "1.0.1",
                  "from": "wrappy@>=1.0.0 <2.0.0",
                  "resolved": "https://registry.npmjs.org/wrappy/-/wrappy-1.0.1.tgz"
                }
              }
            }
          }
        },
        "tar-stream": {
          "version": "1.2.1",
          "from": "tar-stream@>=1.1.2 <2.0.0",
          "resolved": "https://registry.npmjs.org/tar-stream/-/tar-stream-1.2.1.tgz",
          "dependencies": {
            "bl": {
              "version": "1.0.0",
              "from": "bl@>=1.0.0 <2.0.0",
              "resolved": "https://registry.npmjs.org/bl/-/bl-1.0.0.tgz"
            },
            "end-of-stream": {
              "version": "1.1.0",
              "from": "end-of-stream@>=1.0.0 <2.0.0",
              "resolved": "https://registry.npmjs.org/end-of-stream/-/end-of-stream-1.1.0.tgz",
              "dependencies": {
                "once": {
                  "version": "1.3.2",
                  "from": "once@>=1.3.0 <1.4.0",
                  "resolved": "https://registry.npmjs.org/once/-/once-1.3.2.tgz",
                  "dependencies": {
                    "wrappy": {
                      "version": "1.0.1",
                      "from": "wrappy@>=1.0.0 <2.0.0",
                      "resolved": "https://registry.npmjs.org/wrappy/-/wrappy-1.0.1.tgz"
                    }
                  }
                }
              }
            },
            "readable-stream": {
              "version": "2.0.1",
              "from": "readable-stream@>=2.0.0 <3.0.0",
              "resolved": "https://registry.npmjs.org/readable-stream/-/readable-stream-2.0.1.tgz",
              "dependencies": {
                "core-util-is": {
                  "version": "1.0.1",
                  "from": "core-util-is@>=1.0.0 <1.1.0",
                  "resolved": "https://registry.npmjs.org/core-util-is/-/core-util-is-1.0.1.tgz"
                },
                "inherits": {
                  "version": "2.0.1",
                  "from": "inherits@>=2.0.1 <2.1.0",
                  "resolved": "https://registry.npmjs.org/inherits/-/inherits-2.0.1.tgz"
                },
                "isarray": {
                  "version": "0.0.1",
                  "from": "isarray@0.0.1",
                  "resolved": "https://registry.npmjs.org/isarray/-/isarray-0.0.1.tgz"
                },
                "process-nextick-args": {
                  "version": "1.0.1",
                  "from": "process-nextick-args@>=1.0.0 <1.1.0",
                  "resolved": "https://registry.npmjs.org/process-nextick-args/-/process-nextick-args-1.0.1.tgz"
                },
                "string_decoder": {
                  "version": "0.10.31",
                  "from": "string_decoder@>=0.10.0 <0.11.0",
                  "resolved": "https://registry.npmjs.org/string_decoder/-/string_decoder-0.10.31.tgz"
                },
                "util-deprecate": {
                  "version": "1.0.1",
                  "from": "util-deprecate@>=1.0.1 <1.1.0",
                  "resolved": "https://registry.npmjs.org/util-deprecate/-/util-deprecate-1.0.1.tgz"
                }
              }
            },
            "xtend": {
              "version": "4.0.0",
              "from": "xtend@>=4.0.0 <5.0.0",
              "resolved": "https://registry.npmjs.org/xtend/-/xtend-4.0.0.tgz"
            }
          }
        }
      }
    },
    "winston": {
      "version": "0.8.3",
      "from": "winston@>=0.8.3 <0.9.0",
      "resolved": "https://registry.npmjs.org/winston/-/winston-0.8.3.tgz",
      "dependencies": {
        "async": {
          "version": "0.2.10",
          "from": "async@>=0.2.0 <0.3.0",
          "resolved": "https://registry.npmjs.org/async/-/async-0.2.10.tgz"
        },
        "colors": {
          "version": "0.6.2",
          "from": "colors@>=0.6.0 <0.7.0",
          "resolved": "https://registry.npmjs.org/colors/-/colors-0.6.2.tgz"
        },
        "cycle": {
          "version": "1.0.3",
          "from": "cycle@>=1.0.0 <1.1.0",
          "resolved": "https://registry.npmjs.org/cycle/-/cycle-1.0.3.tgz"
        },
        "eyes": {
          "version": "0.1.8",
          "from": "eyes@>=0.1.0 <0.2.0",
          "resolved": "https://registry.npmjs.org/eyes/-/eyes-0.1.8.tgz"
        },
        "isstream": {
          "version": "0.1.2",
          "from": "isstream@>=0.1.0 <0.2.0",
          "resolved": "https://registry.npmjs.org/isstream/-/isstream-0.1.2.tgz"
        },
        "pkginfo": {
          "version": "0.3.0",
          "from": "pkginfo@>=0.3.0 <0.4.0",
          "resolved": "https://registry.npmjs.org/pkginfo/-/pkginfo-0.3.0.tgz"
        },
        "stack-trace": {
          "version": "0.0.9",
          "from": "stack-trace@>=0.0.0 <0.1.0",
          "resolved": "https://registry.npmjs.org/stack-trace/-/stack-trace-0.0.9.tgz"
        }
      }
    },
    "yargs": {
      "version": "1.3.3",
      "from": "yargs@>=1.3.3 <2.0.0",
      "resolved": "https://registry.npmjs.org/yargs/-/yargs-1.3.3.tgz"
    }
  }
}
